
Microsoft Visual Studio Solution File, Format Version 12.00
# Visual Studio 2012
Project("{FAE04EC0-301F-11D3-BF4B-00C04F79EFBC}") = "KinectShooter", "KinectShooter\KinectShooter.csproj", "{8EB3B3F0-DDCB-494B-A0D9-E172D60BC968}"
EndProject
Project("{FAE04EC0-301F-11D3-BF4B-00C04F79EFBC}") = "Kinect", "Kinect\Kinect.csproj", "{7041AF5B-AD01-4E03-AD77-1202A3BEFE12}"
EndProject
Project("{FAE04EC0-301F-11D3-BF4B-00C04F79EFBC}") = "UtilityLib", "UtilityLib\UtilityLib.csproj", "{2ACE8CDC-BD53-477E-BD21-BAF501A67E03}"
EndProject
Project("{FAE04EC0-301F-11D3-BF4B-00C04F79EFBC}") = "ControLib", "ControLib\ControLib.csproj", "{44D250A5-6D50-4BF0-AC6B-413CDBECC361}"
EndProject
Project("{FAE04EC0-301F-11D3-BF4B-00C04F79EFBC}") = "KinectTester", "KinectTester\KinectTester.csproj", "{E2B20191-CC6A-480E-AE65-C8A76301ACA1}"
EndProject
Project("{FAE04EC0-301F-11D3-BF4B-00C04F79EFBC}") = "Alchemy", "Alchemy\Alchemy.csproj", "{45486CDE-86A3-4769-952F-E0821BF79493}"
EndProject
Project("{FAE04EC0-301F-11D3-BF4B-00C04F79EFBC}") = "websocket-sharp", "websocket-sharp\websocket-sharp.csproj", "{B357BAC7-529E-4D81-A0D2-71041B19C8DE}"
EndProject
Global
	GlobalSection(SolutionConfigurationPlatforms) = preSolution
		Debug_Ubuntu|Any CPU = Debug_Ubuntu|Any CPU
		Debug_Ubuntu|Mixed Platforms = Debug_Ubuntu|Mixed Platforms
		Debug_Ubuntu|x64 = Debug_Ubuntu|x64
		Debug_Ubuntu|x86 = Debug_Ubuntu|x86
		Debug|Any CPU = Debug|Any CPU
		Debug|Mixed Platforms = Debug|Mixed Platforms
		Debug|x64 = Debug|x64
		Debug|x86 = Debug|x86
		Release_Ubuntu|Any CPU = Release_Ubuntu|Any CPU
		Release_Ubuntu|Mixed Platforms = Release_Ubuntu|Mixed Platforms
		Release_Ubuntu|x64 = Release_Ubuntu|x64
		Release_Ubuntu|x86 = Release_Ubuntu|x86
		Release|Any CPU = Release|Any CPU
		Release|Mixed Platforms = Release|Mixed Platforms
		Release|x64 = Release|x64
		Release|x86 = Release|x86
	EndGlobalSection
	GlobalSection(ProjectConfigurationPlatforms) = postSolution
		{8EB3B3F0-DDCB-494B-A0D9-E172D60BC968}.Debug_Ubuntu|Any CPU.ActiveCfg = Debug|Any CPU
		{8EB3B3F0-DDCB-494B-A0D9-E172D60BC968}.Debug_Ubuntu|Any CPU.Build.0 = Debug|Any CPU
		{8EB3B3F0-DDCB-494B-A0D9-E172D60BC968}.Debug_Ubuntu|Mixed Platforms.ActiveCfg = Debug|Any CPU
		{8EB3B3F0-DDCB-494B-A0D9-E172D60BC968}.Debug_Ubuntu|Mixed Platforms.Build.0 = Debug|Any CPU
		{8EB3B3F0-DDCB-494B-A0D9-E172D60BC968}.Debug_Ubuntu|x64.ActiveCfg = Debug|Any CPU
		{8EB3B3F0-DDCB-494B-A0D9-E172D60BC968}.Debug_Ubuntu|x86.ActiveCfg = Debug|Any CPU
		{8EB3B3F0-DDCB-494B-A0D9-E172D60BC968}.Debug|Any CPU.ActiveCfg = Debug|Any CPU
		{8EB3B3F0-DDCB-494B-A0D9-E172D60BC968}.Debug|Any CPU.Build.0 = Debug|Any CPU
		{8EB3B3F0-DDCB-494B-A0D9-E172D60BC968}.Debug|Mixed Platforms.ActiveCfg = Debug|Any CPU
		{8EB3B3F0-DDCB-494B-A0D9-E172D60BC968}.Debug|Mixed Platforms.Build.0 = Debug|Any CPU
		{8EB3B3F0-DDCB-494B-A0D9-E172D60BC968}.Debug|x64.ActiveCfg = Debug|Any CPU
		{8EB3B3F0-DDCB-494B-A0D9-E172D60BC968}.Debug|x86.ActiveCfg = Debug|Any CPU
		{8EB3B3F0-DDCB-494B-A0D9-E172D60BC968}.Release_Ubuntu|Any CPU.ActiveCfg = Release|Any CPU
		{8EB3B3F0-DDCB-494B-A0D9-E172D60BC968}.Release_Ubuntu|Any CPU.Build.0 = Release|Any CPU
		{8EB3B3F0-DDCB-494B-A0D9-E172D60BC968}.Release_Ubuntu|Mixed Platforms.ActiveCfg = Release|Any CPU
		{8EB3B3F0-DDCB-494B-A0D9-E172D60BC968}.Release_Ubuntu|Mixed Platforms.Build.0 = Release|Any CPU
		{8EB3B3F0-DDCB-494B-A0D9-E172D60BC968}.Release_Ubuntu|x64.ActiveCfg = Release|Any CPU
		{8EB3B3F0-DDCB-494B-A0D9-E172D60BC968}.Release_Ubuntu|x86.ActiveCfg = Release|Any CPU
		{8EB3B3F0-DDCB-494B-A0D9-E172D60BC968}.Release|Any CPU.ActiveCfg = Release|Any CPU
		{8EB3B3F0-DDCB-494B-A0D9-E172D60BC968}.Release|Any CPU.Build.0 = Release|Any CPU
		{8EB3B3F0-DDCB-494B-A0D9-E172D60BC968}.Release|Mixed Platforms.ActiveCfg = Release|Any CPU
		{8EB3B3F0-DDCB-494B-A0D9-E172D60BC968}.Release|Mixed Platforms.Build.0 = Release|Any CPU
		{8EB3B3F0-DDCB-494B-A0D9-E172D60BC968}.Release|x64.ActiveCfg = Release|Any CPU
		{8EB3B3F0-DDCB-494B-A0D9-E172D60BC968}.Release|x86.ActiveCfg = Release|Any CPU
		{7041AF5B-AD01-4E03-AD77-1202A3BEFE12}.Debug_Ubuntu|Any CPU.ActiveCfg = Debug|Any CPU
		{7041AF5B-AD01-4E03-AD77-1202A3BEFE12}.Debug_Ubuntu|Any CPU.Build.0 = Debug|Any CPU
		{7041AF5B-AD01-4E03-AD77-1202A3BEFE12}.Debug_Ubuntu|Mixed Platforms.ActiveCfg = Debug|Any CPU
		{7041AF5B-AD01-4E03-AD77-1202A3BEFE12}.Debug_Ubuntu|Mixed Platforms.Build.0 = Debug|Any CPU
		{7041AF5B-AD01-4E03-AD77-1202A3BEFE12}.Debug_Ubuntu|x64.ActiveCfg = Debug|Any CPU
		{7041AF5B-AD01-4E03-AD77-1202A3BEFE12}.Debug_Ubuntu|x86.ActiveCfg = Debug|Any CPU
		{7041AF5B-AD01-4E03-AD77-1202A3BEFE12}.Debug|Any CPU.ActiveCfg = Debug|Any CPU
		{7041AF5B-AD01-4E03-AD77-1202A3BEFE12}.Debug|Any CPU.Build.0 = Debug|Any CPU
		{7041AF5B-AD01-4E03-AD77-1202A3BEFE12}.Debug|Mixed Platforms.ActiveCfg = Debug|Any CPU
		{7041AF5B-AD01-4E03-AD77-1202A3BEFE12}.Debug|Mixed Platforms.Build.0 = Debug|Any CPU
		{7041AF5B-AD01-4E03-AD77-1202A3BEFE12}.Debug|x64.ActiveCfg = Debug|Any CPU
		{7041AF5B-AD01-4E03-AD77-1202A3BEFE12}.Debug|x86.ActiveCfg = Debug|Any CPU
		{7041AF5B-AD01-4E03-AD77-1202A3BEFE12}.Release_Ubuntu|Any CPU.ActiveCfg = Release|Any CPU
		{7041AF5B-AD01-4E03-AD77-1202A3BEFE12}.Release_Ubuntu|Any CPU.Build.0 = Release|Any CPU
		{7041AF5B-AD01-4E03-AD77-1202A3BEFE12}.Release_Ubuntu|Mixed Platforms.ActiveCfg = Release|Any CPU
		{7041AF5B-AD01-4E03-AD77-1202A3BEFE12}.Release_Ubuntu|Mixed Platforms.Build.0 = Release|Any CPU
		{7041AF5B-AD01-4E03-AD77-1202A3BEFE12}.Release_Ubuntu|x64.ActiveCfg = Release|Any CPU
		{7041AF5B-AD01-4E03-AD77-1202A3BEFE12}.Release_Ubuntu|x86.ActiveCfg = Release|Any CPU
		{7041AF5B-AD01-4E03-AD77-1202A3BEFE12}.Release|Any CPU.ActiveCfg = Release|Any CPU
		{7041AF5B-AD01-4E03-AD77-1202A3BEFE12}.Release|Any CPU.Build.0 = Release|Any CPU
		{7041AF5B-AD01-4E03-AD77-1202A3BEFE12}.Release|Mixed Platforms.ActiveCfg = Release|Any CPU
		{7041AF5B-AD01-4E03-AD77-1202A3BEFE12}.Release|Mixed Platforms.Build.0 = Release|Any CPU
		{7041AF5B-AD01-4E03-AD77-1202A3BEFE12}.Release|x64.ActiveCfg = Release|Any CPU
		{7041AF5B-AD01-4E03-AD77-1202A3BEFE12}.Release|x86.ActiveCfg = Release|Any CPU
		{2ACE8CDC-BD53-477E-BD21-BAF501A67E03}.Debug_Ubuntu|Any CPU.ActiveCfg = Debug|Any CPU
		{2ACE8CDC-BD53-477E-BD21-BAF501A67E03}.Debug_Ubuntu|Any CPU.Build.0 = Debug|Any CPU
		{2ACE8CDC-BD53-477E-BD21-BAF501A67E03}.Debug_Ubuntu|Mixed Platforms.ActiveCfg = Debug|Any CPU
		{2ACE8CDC-BD53-477E-BD21-BAF501A67E03}.Debug_Ubuntu|Mixed Platforms.Build.0 = Debug|Any CPU
		{2ACE8CDC-BD53-477E-BD21-BAF501A67E03}.Debug_Ubuntu|x64.ActiveCfg = Debug|Any CPU
		{2ACE8CDC-BD53-477E-BD21-BAF501A67E03}.Debug_Ubuntu|x86.ActiveCfg = Debug|Any CPU
		{2ACE8CDC-BD53-477E-BD21-BAF501A67E03}.Debug|Any CPU.ActiveCfg = Debug|Any CPU
		{2ACE8CDC-BD53-477E-BD21-BAF501A67E03}.Debug|Any CPU.Build.0 = Debug|Any CPU
		{2ACE8CDC-BD53-477E-BD21-BAF501A67E03}.Debug|Mixed Platforms.ActiveCfg = Debug|Any CPU
		{2ACE8CDC-BD53-477E-BD21-BAF501A67E03}.Debug|Mixed Platforms.Build.0 = Debug|Any CPU
		{2ACE8CDC-BD53-477E-BD21-BAF501A67E03}.Debug|x64.ActiveCfg = Debug|Any CPU
		{2ACE8CDC-BD53-477E-BD21-BAF501A67E03}.Debug|x86.ActiveCfg = Debug|Any CPU
		{2ACE8CDC-BD53-477E-BD21-BAF501A67E03}.Release_Ubuntu|Any CPU.ActiveCfg = Release|Any CPU
		{2ACE8CDC-BD53-477E-BD21-BAF501A67E03}.Release_Ubuntu|Any CPU.Build.0 = Release|Any CPU
		{2ACE8CDC-BD53-477E-BD21-BAF501A67E03}.Release_Ubuntu|Mixed Platforms.ActiveCfg = Release|Any CPU
		{2ACE8CDC-BD53-477E-BD21-BAF501A67E03}.Release_Ubuntu|Mixed Platforms.Build.0 = Release|Any CPU
		{2ACE8CDC-BD53-477E-BD21-BAF501A67E03}.Release_Ubuntu|x64.ActiveCfg = Release|Any CPU
		{2ACE8CDC-BD53-477E-BD21-BAF501A67E03}.Release_Ubuntu|x86.ActiveCfg = Release|Any CPU
		{2ACE8CDC-BD53-477E-BD21-BAF501A67E03}.Release|Any CPU.ActiveCfg = Release|Any CPU
		{2ACE8CDC-BD53-477E-BD21-BAF501A67E03}.Release|Any CPU.Build.0 = Release|Any CPU
		{2ACE8CDC-BD53-477E-BD21-BAF501A67E03}.Release|Mixed Platforms.ActiveCfg = Release|Any CPU
		{2ACE8CDC-BD53-477E-BD21-BAF501A67E03}.Release|Mixed Platforms.Build.0 = Release|Any CPU
		{2ACE8CDC-BD53-477E-BD21-BAF501A67E03}.Release|x64.ActiveCfg = Release|Any CPU
		{2ACE8CDC-BD53-477E-BD21-BAF501A67E03}.Release|x86.ActiveCfg = Release|Any CPU
		{44D250A5-6D50-4BF0-AC6B-413CDBECC361}.Debug_Ubuntu|Any CPU.ActiveCfg = Debug|Any CPU
		{44D250A5-6D50-4BF0-AC6B-413CDBECC361}.Debug_Ubuntu|Any CPU.Build.0 = Debug|Any CPU
		{44D250A5-6D50-4BF0-AC6B-413CDBECC361}.Debug_Ubuntu|Mixed Platforms.ActiveCfg = Debug|Any CPU
		{44D250A5-6D50-4BF0-AC6B-413CDBECC361}.Debug_Ubuntu|Mixed Platforms.Build.0 = Debug|Any CPU
		{44D250A5-6D50-4BF0-AC6B-413CDBECC361}.Debug_Ubuntu|x64.ActiveCfg = Debug|Any CPU
		{44D250A5-6D50-4BF0-AC6B-413CDBECC361}.Debug_Ubuntu|x86.ActiveCfg = Debug|Any CPU
		{44D250A5-6D50-4BF0-AC6B-413CDBECC361}.Debug|Any CPU.ActiveCfg = Debug|Any CPU
		{44D250A5-6D50-4BF0-AC6B-413CDBECC361}.Debug|Any CPU.Build.0 = Debug|Any CPU
		{44D250A5-6D50-4BF0-AC6B-413CDBECC361}.Debug|Mixed Platforms.ActiveCfg = Debug|Any CPU
		{44D250A5-6D50-4BF0-AC6B-413CDBECC361}.Debug|Mixed Platforms.Build.0 = Debug|Any CPU
		{44D250A5-6D50-4BF0-AC6B-413CDBECC361}.Debug|x64.ActiveCfg = Debug|Any CPU
		{44D250A5-6D50-4BF0-AC6B-413CDBECC361}.Debug|x86.ActiveCfg = Debug|Any CPU
		{44D250A5-6D50-4BF0-AC6B-413CDBECC361}.Release_Ubuntu|Any CPU.ActiveCfg = Release|Any CPU
		{44D250A5-6D50-4BF0-AC6B-413CDBECC361}.Release_Ubuntu|Any CPU.Build.0 = Release|Any CPU
		{44D250A5-6D50-4BF0-AC6B-413CDBECC361}.Release_Ubuntu|Mixed Platforms.ActiveCfg = Release|Any CPU
		{44D250A5-6D50-4BF0-AC6B-413CDBECC361}.Release_Ubuntu|Mixed Platforms.Build.0 = Release|Any CPU
		{44D250A5-6D50-4BF0-AC6B-413CDBECC361}.Release_Ubuntu|x64.ActiveCfg = Release|Any CPU
		{44D250A5-6D50-4BF0-AC6B-413CDBECC361}.Release_Ubuntu|x86.ActiveCfg = Release|Any CPU
		{44D250A5-6D50-4BF0-AC6B-413CDBECC361}.Release|Any CPU.ActiveCfg = Release|Any CPU
		{44D250A5-6D50-4BF0-AC6B-413CDBECC361}.Release|Any CPU.Build.0 = Release|Any CPU
		{44D250A5-6D50-4BF0-AC6B-413CDBECC361}.Release|Mixed Platforms.ActiveCfg = Release|Any CPU
		{44D250A5-6D50-4BF0-AC6B-413CDBECC361}.Release|Mixed Platforms.Build.0 = Release|Any CPU
		{44D250A5-6D50-4BF0-AC6B-413CDBECC361}.Release|x64.ActiveCfg = Release|Any CPU
		{44D250A5-6D50-4BF0-AC6B-413CDBECC361}.Release|x86.ActiveCfg = Release|Any CPU
		{E2B20191-CC6A-480E-AE65-C8A76301ACA1}.Debug_Ubuntu|Any CPU.ActiveCfg = Debug|Any CPU
		{E2B20191-CC6A-480E-AE65-C8A76301ACA1}.Debug_Ubuntu|Any CPU.Build.0 = Debug|Any CPU
		{E2B20191-CC6A-480E-AE65-C8A76301ACA1}.Debug_Ubuntu|Mixed Platforms.ActiveCfg = Debug|Any CPU
		{E2B20191-CC6A-480E-AE65-C8A76301ACA1}.Debug_Ubuntu|Mixed Platforms.Build.0 = Debug|Any CPU
		{E2B20191-CC6A-480E-AE65-C8A76301ACA1}.Debug_Ubuntu|x64.ActiveCfg = Debug|Any CPU
		{E2B20191-CC6A-480E-AE65-C8A76301ACA1}.Debug_Ubuntu|x86.ActiveCfg = Debug|Any CPU
		{E2B20191-CC6A-480E-AE65-C8A76301ACA1}.Debug|Any CPU.ActiveCfg = Debug|Any CPU
		{E2B20191-CC6A-480E-AE65-C8A76301ACA1}.Debug|Any CPU.Build.0 = Debug|Any CPU
		{E2B20191-CC6A-480E-AE65-C8A76301ACA1}.Debug|Mixed Platforms.ActiveCfg = Debug|Any CPU
		{E2B20191-CC6A-480E-AE65-C8A76301ACA1}.Debug|Mixed Platforms.Build.0 = Debug|Any CPU
		{E2B20191-CC6A-480E-AE65-C8A76301ACA1}.Debug|x64.ActiveCfg = Debug|Any CPU
		{E2B20191-CC6A-480E-AE65-C8A76301ACA1}.Debug|x86.ActiveCfg = Debug|Any CPU
		{E2B20191-CC6A-480E-AE65-C8A76301ACA1}.Release_Ubuntu|Any CPU.ActiveCfg = Release|Any CPU
		{E2B20191-CC6A-480E-AE65-C8A76301ACA1}.Release_Ubuntu|Any CPU.Build.0 = Release|Any CPU
		{E2B20191-CC6A-480E-AE65-C8A76301ACA1}.Release_Ubuntu|Mixed Platforms.ActiveCfg = Release|Any CPU
		{E2B20191-CC6A-480E-AE65-C8A76301ACA1}.Release_Ubuntu|Mixed Platforms.Build.0 = Release|Any CPU
		{E2B20191-CC6A-480E-AE65-C8A76301ACA1}.Release_Ubuntu|x64.ActiveCfg = Release|Any CPU
		{E2B20191-CC6A-480E-AE65-C8A76301ACA1}.Release_Ubuntu|x86.ActiveCfg = Release|Any CPU
		{E2B20191-CC6A-480E-AE65-C8A76301ACA1}.Release|Any CPU.ActiveCfg = Release|Any CPU
		{E2B20191-CC6A-480E-AE65-C8A76301ACA1}.Release|Any CPU.Build.0 = Release|Any CPU
		{E2B20191-CC6A-480E-AE65-C8A76301ACA1}.Release|Mixed Platforms.ActiveCfg = Release|Any CPU
		{E2B20191-CC6A-480E-AE65-C8A76301ACA1}.Release|Mixed Platforms.Build.0 = Release|Any CPU
		{E2B20191-CC6A-480E-AE65-C8A76301ACA1}.Release|x64.ActiveCfg = Release|Any CPU
		{E2B20191-CC6A-480E-AE65-C8A76301ACA1}.Release|x86.ActiveCfg = Release|Any CPU
		{45486CDE-86A3-4769-952F-E0821BF79493}.Debug_Ubuntu|Any CPU.ActiveCfg = Debug|Any CPU
		{45486CDE-86A3-4769-952F-E0821BF79493}.Debug_Ubuntu|Any CPU.Build.0 = Debug|Any CPU
		{45486CDE-86A3-4769-952F-E0821BF79493}.Debug_Ubuntu|Mixed Platforms.ActiveCfg = Debug|Any CPU
		{45486CDE-86A3-4769-952F-E0821BF79493}.Debug_Ubuntu|Mixed Platforms.Build.0 = Debug|Any CPU
		{45486CDE-86A3-4769-952F-E0821BF79493}.Debug_Ubuntu|x64.ActiveCfg = Debug|x64
		{45486CDE-86A3-4769-952F-E0821BF79493}.Debug_Ubuntu|x64.Build.0 = Debug|x64
		{45486CDE-86A3-4769-952F-E0821BF79493}.Debug_Ubuntu|x86.ActiveCfg = Debug|Any CPU
		{45486CDE-86A3-4769-952F-E0821BF79493}.Debug|Any CPU.ActiveCfg = Debug|Any CPU
		{45486CDE-86A3-4769-952F-E0821BF79493}.Debug|Any CPU.Build.0 = Debug|Any CPU
		{45486CDE-86A3-4769-952F-E0821BF79493}.Debug|Mixed Platforms.ActiveCfg = Debug|Any CPU
		{45486CDE-86A3-4769-952F-E0821BF79493}.Debug|Mixed Platforms.Build.0 = Debug|Any CPU
		{45486CDE-86A3-4769-952F-E0821BF79493}.Debug|x64.ActiveCfg = Debug|x64
		{45486CDE-86A3-4769-952F-E0821BF79493}.Debug|x64.Build.0 = Debug|x64
		{45486CDE-86A3-4769-952F-E0821BF79493}.Debug|x86.ActiveCfg = Debug|Any CPU
		{45486CDE-86A3-4769-952F-E0821BF79493}.Release_Ubuntu|Any CPU.ActiveCfg = Release|Any CPU
		{45486CDE-86A3-4769-952F-E0821BF79493}.Release_Ubuntu|Any CPU.Build.0 = Release|Any CPU
		{45486CDE-86A3-4769-952F-E0821BF79493}.Release_Ubuntu|Mixed Platforms.ActiveCfg = Release|Any CPU
		{45486CDE-86A3-4769-952F-E0821BF79493}.Release_Ubuntu|Mixed Platforms.Build.0 = Release|Any CPU
		{45486CDE-86A3-4769-952F-E0821BF79493}.Release_Ubuntu|x64.ActiveCfg = Release|x64
		{45486CDE-86A3-4769-952F-E0821BF79493}.Release_Ubuntu|x64.Build.0 = Release|x64
		{45486CDE-86A3-4769-952F-E0821BF79493}.Release_Ubuntu|x86.ActiveCfg = Release|Any CPU
		{45486CDE-86A3-4769-952F-E0821BF79493}.Release|Any CPU.ActiveCfg = Release|Any CPU
		{45486CDE-86A3-4769-952F-E0821BF79493}.Release|Any CPU.Build.0 = Release|Any CPU
		{45486CDE-86A3-4769-952F-E0821BF79493}.Release|Mixed Platforms.ActiveCfg = Release|Any CPU
		{45486CDE-86A3-4769-952F-E0821BF79493}.Release|Mixed Platforms.Build.0 = Release|Any CPU
		{45486CDE-86A3-4769-952F-E0821BF79493}.Release|x64.ActiveCfg = Release|x64
		{45486CDE-86A3-4769-952F-E0821BF79493}.Release|x64.Build.0 = Release|x64
		{45486CDE-86A3-4769-952F-E0821BF79493}.Release|x86.ActiveCfg = Release|Any CPU
		{B357BAC7-529E-4D81-A0D2-71041B19C8DE}.Debug_Ubuntu|Any CPU.ActiveCfg = Debug_Ubuntu|Any CPU
		{B357BAC7-529E-4D81-A0D2-71041B19C8DE}.Debug_Ubuntu|Any CPU.Build.0 = Debug_Ubuntu|Any CPU
		{B357BAC7-529E-4D81-A0D2-71041B19C8DE}.Debug_Ubuntu|Mixed Platforms.ActiveCfg = Debug_Ubuntu|Any CPU
		{B357BAC7-529E-4D81-A0D2-71041B19C8DE}.Debug_Ubuntu|Mixed Platforms.Build.0 = Debug_Ubuntu|Any CPU
		{B357BAC7-529E-4D81-A0D2-71041B19C8DE}.Debug_Ubuntu|x64.ActiveCfg = Debug_Ubuntu|Any CPU
		{B357BAC7-529E-4D81-A0D2-71041B19C8DE}.Debug_Ubuntu|x86.ActiveCfg = Debug_Ubuntu|Any CPU
		{B357BAC7-529E-4D81-A0D2-71041B19C8DE}.Debug|Any CPU.ActiveCfg = Debug|Any CPU
		{B357BAC7-529E-4D81-A0D2-71041B19C8DE}.Debug|Any CPU.Build.0 = Debug|Any CPU
		{B357BAC7-529E-4D81-A0D2-71041B19C8DE}.Debug|Mixed Platforms.ActiveCfg = Debug|Any CPU
		{B357BAC7-529E-4D81-A0D2-71041B19C8DE}.Debug|Mixed Platforms.Build.0 = Debug|Any CPU
		{B357BAC7-529E-4D81-A0D2-71041B19C8DE}.Debug|x64.ActiveCfg = Debug|Any CPU
		{B357BAC7-529E-4D81-A0D2-71041B19C8DE}.Debug|x86.ActiveCfg = Debug|Any CPU
		{B357BAC7-529E-4D81-A0D2-71041B19C8DE}.Release_Ubuntu|Any CPU.ActiveCfg = Release_Ubuntu|Any CPU
		{B357BAC7-529E-4D81-A0D2-71041B19C8DE}.Release_Ubuntu|Any CPU.Build.0 = Release_Ubuntu|Any CPU
		{B357BAC7-529E-4D81-A0D2-71041B19C8DE}.Release_Ubuntu|Mixed Platforms.ActiveCfg = Release_Ubuntu|Any CPU
		{B357BAC7-529E-4D81-A0D2-71041B19C8DE}.Release_Ubuntu|Mixed Platforms.Build.0 = Release_Ubuntu|Any CPU
		{B357BAC7-529E-4D81-A0D2-71041B19C8DE}.Release_Ubuntu|x64.ActiveCfg = Release_Ubuntu|Any CPU
		{B357BAC7-529E-4D81-A0D2-71041B19C8DE}.Release_Ubuntu|x86.ActiveCfg = Release_Ubuntu|Any CPU
		{B357BAC7-529E-4D81-A0D2-71041B19C8DE}.Release|Any CPU.ActiveCfg = Release|Any CPU
		{B357BAC7-529E-4D81-A0D2-71041B19C8DE}.Release|Any CPU.Build.0 = Release|Any CPU
		{B357BAC7-529E-4D81-A0D2-71041B19C8DE}.Release|Mixed Platforms.ActiveCfg = Release|Any CPU
		{B357BAC7-529E-4D81-A0D2-71041B19C8DE}.Release|Mixed Platforms.Build.0 = Release|Any CPU
		{B357BAC7-529E-4D81-A0D2-71041B19C8DE}.Release|x64.ActiveCfg = Release|Any CPU
		{B357BAC7-529E-4D81-A0D2-71041B19C8DE}.Release|x86.ActiveCfg = Release|Any CPU
	EndGlobalSection
	GlobalSection(SolutionProperties) = preSolution
		HideSolutionNode = FALSE
	EndGlobalSection
	GlobalSection(MonoDevelopProperties) = preSolution
		StartupItem = Server.csproj
	EndGlobalSection
EndGlobal
